
Microsoft Visual Studio Solution File, Format Version 12.00
# Visual Studio Version 16
VisualStudioVersion = 16.0.30804.86
MinimumVisualStudioVersion = 10.0.40219.1
Project("{FAE04EC0-301F-11D3-BF4B-00C04F79EFBC}") = "LiveSplit.GW2SAB", "LiveSplit.GW2SAB\LiveSplit.GW2SAB.csproj", "{8A4A9F32-37B2-4F10-8F31-7845FF34DC1C}"
EndProject
Global
	GlobalSection(SolutionConfigurationPlatforms) = preSolution
		Debug|Any CPU = Debug|Any CPU
		Release|Any CPU = Release|Any CPU
	EndGlobalSection
	GlobalSection(ProjectConfigurationPlatforms) = postSolution
		{8A4A9F32-37B2-4F10-8F31-7845FF34DC1C}.Debug|Any CPU.ActiveCfg = Debug|Any CPU
		{8A4A9F32-37B2-4F10-8F31-7845FF34DC1C}.Debug|Any CPU.Build.0 = Debug|Any CPU
		{8A4A9F32-37B2-4F10-8F31-7845FF34DC1C}.Release|Any CPU.ActiveCfg = Release|Any CPU
		{8A4A9F32-37B2-4F10-8F31-7845FF34DC1C}.Release|Any CPU.Build.0 = Release|Any CPU
	EndGlobalSection
	GlobalSection(SolutionProperties) = preSolution
		HideSolutionNode = FALSE
	EndGlobalSection
	GlobalSection(ExtensibilityGlobals) = postSolution
		SolutionGuid = {2C0E1F3A-1472-4535-87A1-D707BB09F7B0}
	EndGlobalSection
EndGlobal
